// !$*UTF8*$!
{
	archiveVersion = 1;
	classes = {
	};
	objectVersion = 55;
	objects = {

/* Begin PBXBuildFile section */
		489DA2F528E04CBB0019BA2E /* AHKEventsSUIApp.swift in Sources */ = {isa = PBXBuildFile; fileRef = 489DA2F428E04CBB0019BA2E /* AHKEventsSUIApp.swift */; };
		489DA2F728E04CBB0019BA2E /* ContentView.swift in Sources */ = {isa = PBXBuildFile; fileRef = 489DA2F628E04CBB0019BA2E /* ContentView.swift */; };
		489DA2F928E04CBD0019BA2E /* Assets.xcassets in Resources */ = {isa = PBXBuildFile; fileRef = 489DA2F828E04CBD0019BA2E /* Assets.xcassets */; };
		489DA2FC28E04CBD0019BA2E /* Preview Assets.xcassets in Resources */ = {isa = PBXBuildFile; fileRef = 489DA2FB28E04CBD0019BA2E /* Preview Assets.xcassets */; };
		489DA30428E04D5D0019BA2E /* Event.swift in Sources */ = {isa = PBXBuildFile; fileRef = 489DA30328E04D5D0019BA2E /* Event.swift */; };
		489DA30628E04E760019BA2E /* Company.swift in Sources */ = {isa = PBXBuildFile; fileRef = 489DA30528E04E760019BA2E /* Company.swift */; };
		489DA30828E04F3C0019BA2E /* Member.swift in Sources */ = {isa = PBXBuildFile; fileRef = 489DA30728E04F3B0019BA2E /* Member.swift */; };
		489DA30B28E050750019BA2E /* DataStore.swift in Sources */ = {isa = PBXBuildFile; fileRef = 489DA30A28E050750019BA2E /* DataStore.swift */; };
		489DA30D28E056990019BA2E /* EventListView.swift in Sources */ = {isa = PBXBuildFile; fileRef = 489DA30C28E056990019BA2E /* EventListView.swift */; };
		489DA30F28E05A2F0019BA2E /* EventBigRowView.swift in Sources */ = {isa = PBXBuildFile; fileRef = 489DA30E28E05A2F0019BA2E /* EventBigRowView.swift */; };
		489DA31128E07E120019BA2E /* MemberListView.swift in Sources */ = {isa = PBXBuildFile; fileRef = 489DA31028E07E120019BA2E /* MemberListView.swift */; };
		489DA31328E07FA70019BA2E /* MemberRowView.swift in Sources */ = {isa = PBXBuildFile; fileRef = 489DA31228E07FA70019BA2E /* MemberRowView.swift */; };
		489DA31728E086130019BA2E /* MemberDetailView.swift in Sources */ = {isa = PBXBuildFile; fileRef = 489DA31628E086130019BA2E /* MemberDetailView.swift */; };
		489DA31928E08F470019BA2E /* StandartButtonStyle.swift in Sources */ = {isa = PBXBuildFile; fileRef = 489DA31828E08F470019BA2E /* StandartButtonStyle.swift */; };
		489DA31B28E09AE30019BA2E /* LoadingImageView.swift in Sources */ = {isa = PBXBuildFile; fileRef = 489DA31A28E09AE30019BA2E /* LoadingImageView.swift */; };
		489DA32128E09D400019BA2E /* EventDetailView.swift in Sources */ = {isa = PBXBuildFile; fileRef = 489DA32028E09D400019BA2E /* EventDetailView.swift */; };
		489DA32328E0ADF60019BA2E /* CompanyListView.swift in Sources */ = {isa = PBXBuildFile; fileRef = 489DA32228E0ADF60019BA2E /* CompanyListView.swift */; };
		489DA32628E0AFE00019BA2E /* CompanyBigItemView.swift in Sources */ = {isa = PBXBuildFile; fileRef = 489DA32528E0AFE00019BA2E /* CompanyBigItemView.swift */; };
/* End PBXBuildFile section */

/* Begin PBXFileReference section */
		489DA2F128E04CBB0019BA2E /* AHKEventsSUI.app */ = {isa = PBXFileReference; explicitFileType = wrapper.application; includeInIndex = 0; path = AHKEventsSUI.app; sourceTree = BUILT_PRODUCTS_DIR; };
		489DA2F428E04CBB0019BA2E /* AHKEventsSUIApp.swift */ = {isa = PBXFileReference; lastKnownFileType = sourcecode.swift; path = AHKEventsSUIApp.swift; sourceTree = "<group>"; };
		489DA2F628E04CBB0019BA2E /* ContentView.swift */ = {isa = PBXFileReference; lastKnownFileType = sourcecode.swift; path = ContentView.swift; sourceTree = "<group>"; };
		489DA2F828E04CBD0019BA2E /* Assets.xcassets */ = {isa = PBXFileReference; lastKnownFileType = folder.assetcatalog; path = Assets.xcassets; sourceTree = "<group>"; };
		489DA2FB28E04CBD0019BA2E /* Preview Assets.xcassets */ = {isa = PBXFileReference; lastKnownFileType = folder.assetcatalog; path = "Preview Assets.xcassets"; sourceTree = "<group>"; };
		489DA30328E04D5D0019BA2E /* Event.swift */ = {isa = PBXFileReference; lastKnownFileType = sourcecode.swift; path = Event.swift; sourceTree = "<group>"; };
		489DA30528E04E760019BA2E /* Company.swift */ = {isa = PBXFileReference; lastKnownFileType = sourcecode.swift; path = Company.swift; sourceTree = "<group>"; };
		489DA30728E04F3B0019BA2E /* Member.swift */ = {isa = PBXFileReference; lastKnownFileType = sourcecode.swift; path = Member.swift; sourceTree = "<group>"; };
		489DA30A28E050750019BA2E /* DataStore.swift */ = {isa = PBXFileReference; lastKnownFileType = sourcecode.swift; path = DataStore.swift; sourceTree = "<group>"; };
		489DA30C28E056990019BA2E /* EventListView.swift */ = {isa = PBXFileReference; lastKnownFileType = sourcecode.swift; path = EventListView.swift; sourceTree = "<group>"; };
		489DA30E28E05A2F0019BA2E /* EventBigRowView.swift */ = {isa = PBXFileReference; lastKnownFileType = sourcecode.swift; path = EventBigRowView.swift; sourceTree = "<group>"; };
		489DA31028E07E120019BA2E /* MemberListView.swift */ = {isa = PBXFileReference; lastKnownFileType = sourcecode.swift; path = MemberListView.swift; sourceTree = "<group>"; };
		489DA31228E07FA70019BA2E /* MemberRowView.swift */ = {isa = PBXFileReference; lastKnownFileType = sourcecode.swift; path = MemberRowView.swift; sourceTree = "<group>"; };
		489DA31628E086130019BA2E /* MemberDetailView.swift */ = {isa = PBXFileReference; lastKnownFileType = sourcecode.swift; path = MemberDetailView.swift; sourceTree = "<group>"; };
		489DA31828E08F470019BA2E /* StandartButtonStyle.swift */ = {isa = PBXFileReference; lastKnownFileType = sourcecode.swift; path = StandartButtonStyle.swift; sourceTree = "<group>"; };
		489DA31A28E09AE30019BA2E /* LoadingImageView.swift */ = {isa = PBXFileReference; lastKnownFileType = sourcecode.swift; path = LoadingImageView.swift; sourceTree = "<group>"; };
		489DA32028E09D400019BA2E /* EventDetailView.swift */ = {isa = PBXFileReference; lastKnownFileType = sourcecode.swift; path = EventDetailView.swift; sourceTree = "<group>"; };
		489DA32228E0ADF60019BA2E /* CompanyListView.swift */ = {isa = PBXFileReference; lastKnownFileType = sourcecode.swift; path = CompanyListView.swift; sourceTree = "<group>"; };
		489DA32528E0AFE00019BA2E /* CompanyBigItemView.swift */ = {isa = PBXFileReference; lastKnownFileType = sourcecode.swift; path = CompanyBigItemView.swift; sourceTree = "<group>"; };
/* End PBXFileReference section */

/* Begin PBXFrameworksBuildPhase section */
		489DA2EE28E04CBB0019BA2E /* Frameworks */ = {
			isa = PBXFrameworksBuildPhase;
			buildActionMask = 2147483647;
			files = (
			);
			runOnlyForDeploymentPostprocessing = 0;
		};
/* End PBXFrameworksBuildPhase section */

/* Begin PBXGroup section */
		489DA2E828E04CBB0019BA2E = {
			isa = PBXGroup;
			children = (
				489DA2F328E04CBB0019BA2E /* AHKEventsSUI */,
				489DA2F228E04CBB0019BA2E /* Products */,
			);
			sourceTree = "<group>";
		};
		489DA2F228E04CBB0019BA2E /* Products */ = {
			isa = PBXGroup;
			children = (
				489DA2F128E04CBB0019BA2E /* AHKEventsSUI.app */,
			);
			name = Products;
			sourceTree = "<group>";
		};
		489DA2F328E04CBB0019BA2E /* AHKEventsSUI */ = {
			isa = PBXGroup;
			children = (
				489DA2F428E04CBB0019BA2E /* AHKEventsSUIApp.swift */,
				489DA2F628E04CBB0019BA2E /* ContentView.swift */,
				489DA31C28E09C210019BA2E /* Style */,
				489DA30928E050650019BA2E /* Services */,
				489DA30228E04D4B0019BA2E /* Models */,
				489DA31D28E09C440019BA2E /* Views */,
				489DA31E28E09C530019BA2E /* Event */,
				489DA31F28E09C5C0019BA2E /* Member */,
				489DA32428E0ADFC0019BA2E /* Company */,
				489DA2F828E04CBD0019BA2E /* Assets.xcassets */,
				489DA2FA28E04CBD0019BA2E /* Preview Content */,
			);
			path = AHKEventsSUI;
			sourceTree = "<group>";
		};
		489DA2FA28E04CBD0019BA2E /* Preview Content */ = {
			isa = PBXGroup;
			children = (
				489DA2FB28E04CBD0019BA2E /* Preview Assets.xcassets */,
			);
			path = "Preview Content";
			sourceTree = "<group>";
		};
		489DA30228E04D4B0019BA2E /* Models */ = {
			isa = PBXGroup;
			children = (
				489DA30328E04D5D0019BA2E /* Event.swift */,
				489DA30528E04E760019BA2E /* Company.swift */,
				489DA30728E04F3B0019BA2E /* Member.swift */,
			);
			path = Models;
			sourceTree = "<group>";
		};
		489DA30928E050650019BA2E /* Services */ = {
			isa = PBXGroup;
			children = (
				489DA30A28E050750019BA2E /* DataStore.swift */,
			);
			path = Services;
			sourceTree = "<group>";
		};
		489DA31C28E09C210019BA2E /* Style */ = {
			isa = PBXGroup;
			children = (
				489DA31828E08F470019BA2E /* StandartButtonStyle.swift */,
			);
			path = Style;
			sourceTree = "<group>";
		};
		489DA31D28E09C440019BA2E /* Views */ = {
			isa = PBXGroup;
			children = (
				489DA31A28E09AE30019BA2E /* LoadingImageView.swift */,
			);
			path = Views;
			sourceTree = "<group>";
		};
		489DA31E28E09C530019BA2E /* Event */ = {
			isa = PBXGroup;
			children = (
				489DA30C28E056990019BA2E /* EventListView.swift */,
				489DA30E28E05A2F0019BA2E /* EventBigRowView.swift */,
				489DA32028E09D400019BA2E /* EventDetailView.swift */,
			);
			path = Event;
			sourceTree = "<group>";
		};
		489DA31F28E09C5C0019BA2E /* Member */ = {
			isa = PBXGroup;
			children = (
				489DA31028E07E120019BA2E /* MemberListView.swift */,
				489DA31228E07FA70019BA2E /* MemberRowView.swift */,
				489DA31628E086130019BA2E /* MemberDetailView.swift */,
			);
			path = Member;
			sourceTree = "<group>";
		};
		489DA32428E0ADFC0019BA2E /* Company */ = {
			isa = PBXGroup;
			children = (
				489DA32228E0ADF60019BA2E /* CompanyListView.swift */,
				489DA32528E0AFE00019BA2E /* CompanyBigItemView.swift */,
			);
			path = Company;
			sourceTree = "<group>";
		};
/* End PBXGroup section */

/* Begin PBXNativeTarget section */
		489DA2F028E04CBB0019BA2E /* AHKEventsSUI */ = {
			isa = PBXNativeTarget;
			buildConfigurationList = 489DA2FF28E04CBD0019BA2E /* Build configuration list for PBXNativeTarget "AHKEventsSUI" */;
			buildPhases = (
				489DA2ED28E04CBB0019BA2E /* Sources */,
				489DA2EE28E04CBB0019BA2E /* Frameworks */,
				489DA2EF28E04CBB0019BA2E /* Resources */,
			);
			buildRules = (
			);
			dependencies = (
			);
			name = AHKEventsSUI;
			productName = AHKEventsSUI;
			productReference = 489DA2F128E04CBB0019BA2E /* AHKEventsSUI.app */;
			productType = "com.apple.product-type.application";
		};
/* End PBXNativeTarget section */

/* Begin PBXProject section */
		489DA2E928E04CBB0019BA2E /* Project object */ = {
			isa = PBXProject;
			attributes = {
				BuildIndependentTargetsInParallel = 1;
				LastSwiftUpdateCheck = 1340;
				LastUpgradeCheck = 1340;
				TargetAttributes = {
					489DA2F028E04CBB0019BA2E = {
						CreatedOnToolsVersion = 13.4.1;
					};
				};
			};
			buildConfigurationList = 489DA2EC28E04CBB0019BA2E /* Build configuration list for PBXProject "AHKEventsSUI" */;
			compatibilityVersion = "Xcode 13.0";
			developmentRegion = en;
			hasScannedForEncodings = 0;
			knownRegions = (
				en,
				Base,
			);
			mainGroup = 489DA2E828E04CBB0019BA2E;
			productRefGroup = 489DA2F228E04CBB0019BA2E /* Products */;
			projectDirPath = "";
			projectRoot = "";
			targets = (
				489DA2F028E04CBB0019BA2E /* AHKEventsSUI */,
			);
		};
/* End PBXProject section */

/* Begin PBXResourcesBuildPhase section */
		489DA2EF28E04CBB0019BA2E /* Resources */ = {
			isa = PBXResourcesBuildPhase;
			buildActionMask = 2147483647;
			files = (
				489DA2FC28E04CBD0019BA2E /* Preview Assets.xcassets in Resources */,
				489DA2F928E04CBD0019BA2E /* Assets.xcassets in Resources */,
			);
			runOnlyForDeploymentPostprocessing = 0;
		};
/* End PBXResourcesBuildPhase section */

/* Begin PBXSourcesBuildPhase section */
		489DA2ED28E04CBB0019BA2E /* Sources */ = {
			isa = PBXSourcesBuildPhase;
			buildActionMask = 2147483647;
			files = (
				489DA31128E07E120019BA2E /* MemberListView.swift in Sources */,
				489DA2F728E04CBB0019BA2E /* ContentView.swift in Sources */,
				489DA30B28E050750019BA2E /* DataStore.swift in Sources */,
				489DA30428E04D5D0019BA2E /* Event.swift in Sources */,
				489DA30D28E056990019BA2E /* EventListView.swift in Sources */,
				489DA2F528E04CBB0019BA2E /* AHKEventsSUIApp.swift in Sources */,
				489DA32628E0AFE00019BA2E /* CompanyBigItemView.swift in Sources */,
				489DA32128E09D400019BA2E /* EventDetailView.swift in Sources */,
				489DA30628E04E760019BA2E /* Company.swift in Sources */,
				489DA31728E086130019BA2E /* MemberDetailView.swift in Sources */,
				489DA30828E04F3C0019BA2E /* Member.swift in Sources */,
				489DA32328E0ADF60019BA2E /* CompanyListView.swift in Sources */,
				489DA31B28E09AE30019BA2E /* LoadingImageView.swift in Sources */,
				489DA31928E08F470019BA2E /* StandartButtonStyle.swift in Sources */,
				489DA30F28E05A2F0019BA2E /* EventBigRowView.swift in Sources */,
				489DA31328E07FA70019BA2E /* MemberRowView.swift in Sources */,
			);
			runOnlyForDeploymentPostprocessing = 0;
		};
/* End PBXSourcesBuildPhase section */

/* Begin XCBuildConfiguration section */
		489DA2FD28E04CBD0019BA2E /* Debug */ = {
			isa = XCBuildConfiguration;
			buildSettings = {
				ALWAYS_SEARCH_USER_PATHS = NO;
				CLANG_ANALYZER_NONNULL = YES;
				CLANG_ANALYZER_NUMBER_OBJECT_CONVERSION = YES_AGGRESSIVE;
				CLANG_CXX_LANGUAGE_STANDARD = "gnu++17";
				CLANG_ENABLE_MODULES = YES;
				CLANG_ENABLE_OBJC_ARC = YES;
				CLANG_ENABLE_OBJC_WEAK = YES;
				CLANG_WARN_BLOCK_CAPTURE_AUTORELEASING = YES;
				CLANG_WARN_BOOL_CONVERSION = YES;
				CLANG_WARN_COMMA = YES;
				CLANG_WARN_CONSTANT_CONVERSION = YES;
				CLANG_WARN_DEPRECATED_OBJC_IMPLEMENTATIONS = YES;
				CLANG_WARN_DIRECT_OBJC_ISA_USAGE = YES_ERROR;
				CLANG_WARN_DOCUMENTATION_COMMENTS = YES;
				CLANG_WARN_EMPTY_BODY = YES;
				CLANG_WARN_ENUM_CONVERSION = YES;
				CLANG_WARN_INFINITE_RECURSION = YES;
				CLANG_WARN_INT_CONVERSION = YES;
				CLANG_WARN_NON_LITERAL_NULL_CONVERSION = YES;
				CLANG_WARN_OBJC_IMPLICIT_RETAIN_SELF = YES;
				CLANG_WARN_OBJC_LITERAL_CONVERSION = YES;
				CLANG_WARN_OBJC_ROOT_CLASS = YES_ERROR;
				CLANG_WARN_QUOTED_INCLUDE_IN_FRAMEWORK_HEADER = YES;
				CLANG_WARN_RANGE_LOOP_ANALYSIS = YES;
				CLANG_WARN_STRICT_PROTOTYPES = YES;
				CLANG_WARN_SUSPICIOUS_MOVE = YES;
				CLANG_WARN_UNGUARDED_AVAILABILITY = YES_AGGRESSIVE;
				CLANG_WARN_UNREACHABLE_CODE = YES;
				CLANG_WARN__DUPLICATE_METHOD_MATCH = YES;
				COPY_PHASE_STRIP = NO;
				DEBUG_INFORMATION_FORMAT = dwarf;
				ENABLE_STRICT_OBJC_MSGSEND = YES;
				ENABLE_TESTABILITY = YES;
				GCC_C_LANGUAGE_STANDARD = gnu11;
				GCC_DYNAMIC_NO_PIC = NO;
				GCC_NO_COMMON_BLOCKS = YES;
				GCC_OPTIMIZATION_LEVEL = 0;
				GCC_PREPROCESSOR_DEFINITIONS = (
					"DEBUG=1",
					"$(inherited)",
				);
				GCC_WARN_64_TO_32_BIT_CONVERSION = YES;
				GCC_WARN_ABOUT_RETURN_TYPE = YES_ERROR;
				GCC_WARN_UNDECLARED_SELECTOR = YES;
				GCC_WARN_UNINITIALIZED_AUTOS = YES_AGGRESSIVE;
				GCC_WARN_UNUSED_FUNCTION = YES;
				GCC_WARN_UNUSED_VARIABLE = YES;
				IPHONEOS_DEPLOYMENT_TARGET = 15.5;
				MTL_ENABLE_DEBUG_INFO = INCLUDE_SOURCE;
				MTL_FAST_MATH = YES;
				ONLY_ACTIVE_ARCH = YES;
				SDKROOT = iphoneos;
				SWIFT_ACTIVE_COMPILATION_CONDITIONS = DEBUG;
				SWIFT_OPTIMIZATION_LEVEL = "-Onone";
			};
			name = Debug;
		};
		489DA2FE28E04CBD0019BA2E /* Release */ = {
			isa = XCBuildConfiguration;
			buildSettings = {
				ALWAYS_SEARCH_USER_PATHS = NO;
				CLANG_ANALYZER_NONNULL = YES;
				CLANG_ANALYZER_NUMBER_OBJECT_CONVERSION = YES_AGGRESSIVE;
				CLANG_CXX_LANGUAGE_STANDARD = "gnu++17";
				CLANG_ENABLE_MODULES = YES;
				CLANG_ENABLE_OBJC_ARC = YES;
				CLANG_ENABLE_OBJC_WEAK = YES;
				CLANG_WARN_BLOCK_CAPTURE_AUTORELEASING = YES;
				CLANG_WARN_BOOL_CONVERSION = YES;
				CLANG_WARN_COMMA = YES;
				CLANG_WARN_CONSTANT_CONVERSION = YES;
				CLANG_WARN_DEPRECATED_OBJC_IMPLEMENTATIONS = YES;
				CLANG_WARN_DIRECT_OBJC_ISA_USAGE = YES_ERROR;
				CLANG_WARN_DOCUMENTATION_COMMENTS = YES;
				CLANG_WARN_EMPTY_BODY = YES;
				CLANG_WARN_ENUM_CONVERSION = YES;
				CLANG_WARN_INFINITE_RECURSION = YES;
				CLANG_WARN_INT_CONVERSION = YES;
				CLANG_WARN_NON_LITERAL_NULL_CONVERSION = YES;
				CLANG_WARN_OBJC_IMPLICIT_RETAIN_SELF = YES;
				CLANG_WARN_OBJC_LITERAL_CONVERSION = YES;
				CLANG_WARN_OBJC_ROOT_CLASS = YES_ERROR;
				CLANG_WARN_QUOTED_INCLUDE_IN_FRAMEWORK_HEADER = YES;
				CLANG_WARN_RANGE_LOOP_ANALYSIS = YES;
				CLANG_WARN_STRICT_PROTOTYPES = YES;
				CLANG_WARN_SUSPICIOUS_MOVE = YES;
				CLANG_WARN_UNGUARDED_AVAILABILITY = YES_AGGRESSIVE;
				CLANG_WARN_UNREACHABLE_CODE = YES;
				CLANG_WARN__DUPLICATE_METHOD_MATCH = YES;
				COPY_PHASE_STRIP = NO;
				DEBUG_INFORMATION_FORMAT = "dwarf-with-dsym";
				ENABLE_NS_ASSERTIONS = NO;
				ENABLE_STRICT_OBJC_MSGSEND = YES;
				GCC_C_LANGUAGE_STANDARD = gnu11;
				GCC_NO_COMMON_BLOCKS = YES;
				GCC_WARN_64_TO_32_BIT_CONVERSION = YES;
				GCC_WARN_ABOUT_RETURN_TYPE = YES_ERROR;
				GCC_WARN_UNDECLARED_SELECTOR = YES;
				GCC_WARN_UNINITIALIZED_AUTOS = YES_AGGRESSIVE;
				GCC_WARN_UNUSED_FUNCTION = YES;
				GCC_WARN_UNUSED_VARIABLE = YES;
				IPHONEOS_DEPLOYMENT_TARGET = 15.5;
				MTL_ENABLE_DEBUG_INFO = NO;
				MTL_FAST_MATH = YES;
				SDKROOT = iphoneos;
				SWIFT_COMPILATION_MODE = wholemodule;
				SWIFT_OPTIMIZATION_LEVEL = "-O";
				VALIDATE_PRODUCT = YES;
			};
			name = Release;
		};
		489DA30028E04CBD0019BA2E /* Debug */ = {
			isa = XCBuildConfiguration;
			buildSettings = {
				ASSETCATALOG_COMPILER_APPICON_NAME = AppIcon;
				ASSETCATALOG_COMPILER_GLOBAL_ACCENT_COLOR_NAME = AccentColor;
				CODE_SIGN_STYLE = Automatic;
				CURRENT_PROJECT_VERSION = 1;
				DEVELOPMENT_ASSET_PATHS = "\"AHKEventsSUI/Preview Content\"";
				DEVELOPMENT_TEAM = 68BBQ29CS2;
				ENABLE_PREVIEWS = YES;
				GENERATE_INFOPLIST_FILE = YES;
				INFOPLIST_KEY_UIApplicationSceneManifest_Generation = YES;
				INFOPLIST_KEY_UIApplicationSupportsIndirectInputEvents = YES;
				INFOPLIST_KEY_UILaunchScreen_Generation = YES;
				INFOPLIST_KEY_UISupportedInterfaceOrientations_iPad = "UIInterfaceOrientationPortrait UIInterfaceOrientationPortraitUpsideDown UIInterfaceOrientationLandscapeLeft UIInterfaceOrientationLandscapeRight";
				INFOPLIST_KEY_UISupportedInterfaceOrientations_iPhone = "UIInterfaceOrientationPortrait UIInterfaceOrientationLandscapeLeft UIInterfaceOrientationLandscapeRight";
				LD_RUNPATH_SEARCH_PATHS = (
					"$(inherited)",
					"@executable_path/Frameworks",
				);
				MARKETING_VERSION = 1.0;
				PRODUCT_BUNDLE_IDENTIFIER = org.ledkov.AHKEventsSUI;
				PRODUCT_NAME = "$(TARGET_NAME)";
				SUPPORTED_PLATFORMS = "iphoneos iphonesimulator";
				SUPPORTS_MACCATALYST = NO;
				SUPPORTS_MAC_DESIGNED_FOR_IPHONE_IPAD = NO;
				SWIFT_EMIT_LOC_STRINGS = YES;
				SWIFT_VERSION = 5.0;
				TARGETED_DEVICE_FAMILY = 1;
			};
			name = Debug;
		};
		489DA30128E04CBD0019BA2E /* Release */ = {
			isa = XCBuildConfiguration;
			buildSettings = {
				ASSETCATALOG_COMPILER_APPICON_NAME = AppIcon;
				ASSETCATALOG_COMPILER_GLOBAL_ACCENT_COLOR_NAME = AccentColor;
				CODE_SIGN_STYLE = Automatic;
				CURRENT_PROJECT_VERSION = 1;
				DEVELOPMENT_ASSET_PATHS = "\"AHKEventsSUI/Preview Content\"";
				DEVELOPMENT_TEAM = 68BBQ29CS2;
				ENABLE_PREVIEWS = YES;
				GENERATE_INFOPLIST_FILE = YES;
				INFOPLIST_KEY_UIApplicationSceneManifest_Generation = YES;
				INFOPLIST_KEY_UIApplicationSupportsIndirectInputEvents = YES;
				INFOPLIST_KEY_UILaunchScreen_Generation = YES;
				INFOPLIST_KEY_UISupportedInterfaceOrientations_iPad = "UIInterfaceOrientationPortrait UIInterfaceOrientationPortraitUpsideDown UIInterfaceOrientationLandscapeLeft UIInterfaceOrientationLandscapeRight";
				INFOPLIST_KEY_UISupportedInterfaceOrientations_iPhone = "UIInterfaceOrientationPortrait UIInterfaceOrientationLandscapeLeft UIInterfaceOrientationLandscapeRight";
				LD_RUNPATH_SEARCH_PATHS = (
					"$(inherited)",
					"@executable_path/Frameworks",
				);
				MARKETING_VERSION = 1.0;
				PRODUCT_BUNDLE_IDENTIFIER = org.ledkov.AHKEventsSUI;
				PRODUCT_NAME = "$(TARGET_NAME)";
				SUPPORTED_PLATFORMS = "iphoneos iphonesimulator";
				SUPPORTS_MACCATALYST = NO;
				SUPPORTS_MAC_DESIGNED_FOR_IPHONE_IPAD = NO;
				SWIFT_EMIT_LOC_STRINGS = YES;
				SWIFT_VERSION = 5.0;
				TARGETED_DEVICE_FAMILY = 1;
			};
			name = Release;
		};
/* End XCBuildConfiguration section */

/* Begin XCConfigurationList section */
		489DA2EC28E04CBB0019BA2E /* Build configuration list for PBXProject "AHKEventsSUI" */ = {
			isa = XCConfigurationList;
			buildConfigurations = (
				489DA2FD28E04CBD0019BA2E /* Debug */,
				489DA2FE28E04CBD0019BA2E /* Release */,
			);
			defaultConfigurationIsVisible = 0;
			defaultConfigurationName = Release;
		};
		489DA2FF28E04CBD0019BA2E /* Build configuration list for PBXNativeTarget "AHKEventsSUI" */ = {
			isa = XCConfigurationList;
			buildConfigurations = (
				489DA30028E04CBD0019BA2E /* Debug */,
				489DA30128E04CBD0019BA2E /* Release */,
			);
			defaultConfigurationIsVisible = 0;
			defaultConfigurationName = Release;
		};
/* End XCConfigurationList section */
	};
	rootObject = 489DA2E928E04CBB0019BA2E /* Project object */;
}
